// !$*UTF8*$!
{
	archiveVersion = 1;
	classes = {
	};
	objectVersion = 77;
	objects = {

/* Begin PBXBuildFile section */
		AF1471232F465CC600BB4819 /* WidgetKit.framework in Frameworks */ = {isa = PBXBuildFile; fileRef = AF1471222F465CC600BB4819 /* WidgetKit.framework */; };
		AF1471252F465CC600BB4819 /* SwiftUI.framework in Frameworks */ = {isa = PBXBuildFile; fileRef = AF1471242F465CC600BB4819 /* SwiftUI.framework */; };
		AF1471322F465CC800BB4819 /* PomoDuoWidgetExtension.appex in Embed Foundation Extensions */ = {isa = PBXBuildFile; fileRef = AF1471202F465CC600BB4819 /* PomoDuoWidgetExtension.appex */; settings = {ATTRIBUTES = (RemoveHeadersOnCopy, ); }; };
		AF22056A2F45B526009763BD /* FirebaseAuth in Frameworks */ = {isa = PBXBuildFile; productRef = AF2205692F45B526009763BD /* FirebaseAuth */; };
		AF22056C2F45B526009763BD /* FirebaseFirestore in Frameworks */ = {isa = PBXBuildFile; productRef = AF22056B2F45B526009763BD /* FirebaseFirestore */; };
		AF22056E2F45B526009763BD /* FirebaseMessaging in Frameworks */ = {isa = PBXBuildFile; productRef = AF22056D2F45B526009763BD /* FirebaseMessaging */; };
		AF56365B2F4683710067D4DE /* ManagedSettings.framework in Frameworks */ = {isa = PBXBuildFile; fileRef = AF56365A2F4683710067D4DE /* ManagedSettings.framework */; };
		AF56365D2F4683710067D4DE /* ManagedSettingsUI.framework in Frameworks */ = {isa = PBXBuildFile; fileRef = AF56365C2F4683710067D4DE /* ManagedSettingsUI.framework */; };
		AF5636652F4683710067D4DE /* PomoDuoShieldExtension.appex in Embed Foundation Extensions */ = {isa = PBXBuildFile; fileRef = AF5636592F4683710067D4DE /* PomoDuoShieldExtension.appex */; settings = {ATTRIBUTES = (RemoveHeadersOnCopy, ); }; };
		AF5636702F4684A00067D4DE /* DeviceActivity.framework in Frameworks */ = {isa = PBXBuildFile; fileRef = AF56366F2F4684A00067D4DE /* DeviceActivity.framework */; };
		AF5636782F4684A10067D4DE /* PomoDuoMonitorExtension.appex in Embed Foundation Extensions */ = {isa = PBXBuildFile; fileRef = AF56366E2F4684A00067D4DE /* PomoDuoMonitorExtension.appex */; settings = {ATTRIBUTES = (RemoveHeadersOnCopy, ); }; };
/* End PBXBuildFile section */

/* Begin PBXContainerItemProxy section */
		AF1471302F465CC800BB4819 /* PBXContainerItemProxy */ = {
			isa = PBXContainerItemProxy;
			containerPortal = AF8695D42F411D5500388170 /* Project object */;
			proxyType = 1;
			remoteGlobalIDString = AF14711F2F465CC600BB4819;
			remoteInfo = PomoDuoWidgetExtensionExtension;
		};
		AF5636632F4683710067D4DE /* PBXContainerItemProxy */ = {
			isa = PBXContainerItemProxy;
			containerPortal = AF8695D42F411D5500388170 /* Project object */;
			proxyType = 1;
			remoteGlobalIDString = AF5636582F4683710067D4DE;
			remoteInfo = PomoDuoShield;
		};
		AF5636762F4684A10067D4DE /* PBXContainerItemProxy */ = {
			isa = PBXContainerItemProxy;
			containerPortal = AF8695D42F411D5500388170 /* Project object */;
			proxyType = 1;
			remoteGlobalIDString = AF56366D2F4684A00067D4DE;
			remoteInfo = PomoDuoMonitor;
		};
		AF8695EA2F411D5600388170 /* PBXContainerItemProxy */ = {
			isa = PBXContainerItemProxy;
			containerPortal = AF8695D42F411D5500388170 /* Project object */;
			proxyType = 1;
			remoteGlobalIDString = AF8695DB2F411D5500388170;
			remoteInfo = PomoDuo;
		};
		AF8695F42F411D5600388170 /* PBXContainerItemProxy */ = {
			isa = PBXContainerItemProxy;
			containerPortal = AF8695D42F411D5500388170 /* Project object */;
			proxyType = 1;
			remoteGlobalIDString = AF8695DB2F411D5500388170;
			remoteInfo = PomoDuo;
		};
/* End PBXContainerItemProxy section */

/* Begin PBXCopyFilesBuildPhase section */
		AF1471372F465CC800BB4819 /* Embed Foundation Extensions */ = {
			isa = PBXCopyFilesBuildPhase;
			buildActionMask = 2147483647;
			dstPath = "";
			dstSubfolderSpec = 13;
			files = (
				AF1471322F465CC800BB4819 /* PomoDuoWidgetExtension.appex in Embed Foundation Extensions */,
				AF5636652F4683710067D4DE /* PomoDuoShieldExtension.appex in Embed Foundation Extensions */,
				AF5636782F4684A10067D4DE /* PomoDuoMonitorExtension.appex in Embed Foundation Extensions */,
			);
			name = "Embed Foundation Extensions";
			runOnlyForDeploymentPostprocessing = 0;
		};
/* End PBXCopyFilesBuildPhase section */

/* Begin PBXFileReference section */
		AF1471202F465CC600BB4819 /* PomoDuoWidgetExtension.appex */ = {isa = PBXFileReference; explicitFileType = "wrapper.app-extension"; includeInIndex = 0; path = PomoDuoWidgetExtension.appex; sourceTree = BUILT_PRODUCTS_DIR; };
		AF1471222F465CC600BB4819 /* WidgetKit.framework */ = {isa = PBXFileReference; lastKnownFileType = wrapper.framework; name = WidgetKit.framework; path = System/Library/Frameworks/WidgetKit.framework; sourceTree = SDKROOT; };
		AF1471242F465CC600BB4819 /* SwiftUI.framework */ = {isa = PBXFileReference; lastKnownFileType = wrapper.framework; name = SwiftUI.framework; path = System/Library/Frameworks/SwiftUI.framework; sourceTree = SDKROOT; };
		AF5636592F4683710067D4DE /* PomoDuoShieldExtension.appex */ = {isa = PBXFileReference; explicitFileType = "wrapper.app-extension"; includeInIndex = 0; path = PomoDuoShieldExtension.appex; sourceTree = BUILT_PRODUCTS_DIR; };
		AF56365A2F4683710067D4DE /* ManagedSettings.framework */ = {isa = PBXFileReference; lastKnownFileType = wrapper.framework; name = ManagedSettings.framework; path = System/Library/Frameworks/ManagedSettings.framework; sourceTree = SDKROOT; };
		AF56365C2F4683710067D4DE /* ManagedSettingsUI.framework */ = {isa = PBXFileReference; lastKnownFileType = wrapper.framework; name = ManagedSettingsUI.framework; path = System/Library/Frameworks/ManagedSettingsUI.framework; sourceTree = SDKROOT; };
		AF56366E2F4684A00067D4DE /* PomoDuoMonitorExtension.appex */ = {isa = PBXFileReference; explicitFileType = "wrapper.app-extension"; includeInIndex = 0; path = PomoDuoMonitorExtension.appex; sourceTree = BUILT_PRODUCTS_DIR; };
		AF56366F2F4684A00067D4DE /* DeviceActivity.framework */ = {isa = PBXFileReference; lastKnownFileType = wrapper.framework; name = DeviceActivity.framework; path = System/Library/Frameworks/DeviceActivity.framework; sourceTree = SDKROOT; };
		AF8695DC2F411D5500388170 /* PomoDuo.app */ = {isa = PBXFileReference; explicitFileType = wrapper.application; includeInIndex = 0; path = PomoDuo.app; sourceTree = BUILT_PRODUCTS_DIR; };
		AF8695E92F411D5600388170 /* PomoDuoTests.xctest */ = {isa = PBXFileReference; explicitFileType = wrapper.cfbundle; includeInIndex = 0; path = PomoDuoTests.xctest; sourceTree = BUILT_PRODUCTS_DIR; };
		AF8695F32F411D5600388170 /* PomoDuoUITests.xctest */ = {isa = PBXFileReference; explicitFileType = wrapper.cfbundle; includeInIndex = 0; path = PomoDuoUITests.xctest; sourceTree = BUILT_PRODUCTS_DIR; };
/* End PBXFileReference section */

/* Begin PBXFileSystemSynchronizedBuildFileExceptionSet section */
		AF1471362F465CC800BB4819 /* Exceptions for "PomoDuoWidgetExtension" folder in "PomoDuoWidgetExtension" target */ = {
			isa = PBXFileSystemSynchronizedBuildFileExceptionSet;
			membershipExceptions = (
				Info.plist,
			);
			target = AF14711F2F465CC600BB4819 /* PomoDuoWidgetExtension */;
		};
		AF1471492F465E0800BB4819 /* Exceptions for "PomoDuo" folder in "PomoDuoWidgetExtension" target */ = {
			isa = PBXFileSystemSynchronizedBuildFileExceptionSet;
			membershipExceptions = (
				Core/Storage/LiveActivityBridge.swift,
				Features/Timer/Models/TimerActivityAttributes.swift,
			);
			target = AF14711F2F465CC600BB4819 /* PomoDuoWidgetExtension */;
		};
		AF2205662F45B0BE009763BD /* Exceptions for "PomoDuo" folder in "PomoDuoTests" target */ = {
			isa = PBXFileSystemSynchronizedBuildFileExceptionSet;
			membershipExceptions = (
				"GoogleService-Info.plist",
			);
			target = AF8695E82F411D5600388170 /* PomoDuoTests */;
		};
		AF2205672F45B0BE009763BD /* Exceptions for "PomoDuo" folder in "PomoDuoUITests" target */ = {
			isa = PBXFileSystemSynchronizedBuildFileExceptionSet;
			membershipExceptions = (
				"GoogleService-Info.plist",
			);
			target = AF8695F22F411D5600388170 /* PomoDuoUITests */;
		};
		AF2205702F45C0AA009763BD /* Exceptions for "PomoDuo" folder in "PomoDuo" target */ = {
			isa = PBXFileSystemSynchronizedBuildFileExceptionSet;
			membershipExceptions = (
				Info.plist,
			);
			target = AF8695DB2F411D5500388170 /* PomoDuo */;
		};
		AF5636692F4683710067D4DE /* Exceptions for "PomoDuoShield" folder in "PomoDuoShieldExtension" target */ = {
			isa = PBXFileSystemSynchronizedBuildFileExceptionSet;
			membershipExceptions = (
				Info.plist,
			);
			target = AF5636582F4683710067D4DE /* PomoDuoShieldExtension */;
		};
		AF56367C2F4684A10067D4DE /* Exceptions for "PomoDuoMonitor" folder in "PomoDuoMonitorExtension" target */ = {
			isa = PBXFileSystemSynchronizedBuildFileExceptionSet;
			membershipExceptions = (
				Info.plist,
			);
			target = AF56366D2F4684A00067D4DE /* PomoDuoMonitorExtension */;
		};
		AF95D2E52F47A0E70080A765 /* Exceptions for "PomoDuo" folder in "PomoDuoShieldExtension" target */ = {
			isa = PBXFileSystemSynchronizedBuildFileExceptionSet;
			membershipExceptions = (
				Core/ScreenTime/ShieldSessionContext.swift,
			);
			target = AF5636582F4683710067D4DE /* PomoDuoShieldExtension */;
		};
		AF95D2E62F47A0E70080A765 /* Exceptions for "PomoDuo" folder in "PomoDuoMonitorExtension" target */ = {
			isa = PBXFileSystemSynchronizedBuildFileExceptionSet;
			membershipExceptions = (
				Core/ScreenTime/ShieldSessionContext.swift,
			);
			target = AF56366D2F4684A00067D4DE /* PomoDuoMonitorExtension */;
		};
/* End PBXFileSystemSynchronizedBuildFileExceptionSet section */

/* Begin PBXFileSystemSynchronizedRootGroup section */
		AF1471262F465CC600BB4819 /* PomoDuoWidgetExtension */ = {
			isa = PBXFileSystemSynchronizedRootGroup;
			exceptions = (
				AF1471362F465CC800BB4819 /* Exceptions for "PomoDuoWidgetExtension" folder in "PomoDuoWidgetExtension" target */,
			);
			path = PomoDuoWidgetExtension;
			sourceTree = "<group>";
		};
		AF56365E2F4683710067D4DE /* PomoDuoShield */ = {
			isa = PBXFileSystemSynchronizedRootGroup;
			exceptions = (
				AF5636692F4683710067D4DE /* Exceptions for "PomoDuoShield" folder in "PomoDuoShieldExtension" target */,
			);
			path = PomoDuoShield;
			sourceTree = "<group>";
		};
		AF5636712F4684A00067D4DE /* PomoDuoMonitor */ = {
			isa = PBXFileSystemSynchronizedRootGroup;
			exceptions = (
				AF56367C2F4684A10067D4DE /* Exceptions for "PomoDuoMonitor" folder in "PomoDuoMonitorExtension" target */,
			);
			path = PomoDuoMonitor;
			sourceTree = "<group>";
		};
		AF8695DE2F411D5500388170 /* PomoDuo */ = {
			isa = PBXFileSystemSynchronizedRootGroup;
			exceptions = (
				AF2205702F45C0AA009763BD /* Exceptions for "PomoDuo" folder in "PomoDuo" target */,
				AF2205662F45B0BE009763BD /* Exceptions for "PomoDuo" folder in "PomoDuoTests" target */,
				AF2205672F45B0BE009763BD /* Exceptions for "PomoDuo" folder in "PomoDuoUITests" target */,
				AF1471492F465E0800BB4819 /* Exceptions for "PomoDuo" folder in "PomoDuoWidgetExtension" target */,
				AF95D2E52F47A0E70080A765 /* Exceptions for "PomoDuo" folder in "PomoDuoShieldExtension" target */,
				AF95D2E62F47A0E70080A765 /* Exceptions for "PomoDuo" folder in "PomoDuoMonitorExtension" target */,
			);
			path = PomoDuo;
			sourceTree = "<group>";
		};
		AF8695EC2F411D5600388170 /* PomoDuoTests */ = {
			isa = PBXFileSystemSynchronizedRootGroup;
			path = PomoDuoTests;
			sourceTree = "<group>";
		};
		AF8695F62F411D5600388170 /* PomoDuoUITests */ = {
			isa = PBXFileSystemSynchronizedRootGroup;
			path = PomoDuoUITests;
			sourceTree = "<group>";
		};
/* End PBXFileSystemSynchronizedRootGroup section */

/* Begin PBXFrameworksBuildPhase section */
		AF14711D2F465CC600BB4819 /* Frameworks */ = {
			isa = PBXFrameworksBuildPhase;
			buildActionMask = 2147483647;
			files = (
				AF1471252F465CC600BB4819 /* SwiftUI.framework in Frameworks */,
				AF1471232F465CC600BB4819 /* WidgetKit.framework in Frameworks */,
			);
			runOnlyForDeploymentPostprocessing = 0;
		};
		AF5636562F4683710067D4DE /* Frameworks */ = {
			isa = PBXFrameworksBuildPhase;
			buildActionMask = 2147483647;
			files = (
				AF56365B2F4683710067D4DE /* ManagedSettings.framework in Frameworks */,
				AF56365D2F4683710067D4DE /* ManagedSettingsUI.framework in Frameworks */,
			);
			runOnlyForDeploymentPostprocessing = 0;
		};
		AF56366B2F4684A00067D4DE /* Frameworks */ = {
			isa = PBXFrameworksBuildPhase;
			buildActionMask = 2147483647;
			files = (
				AF5636702F4684A00067D4DE /* DeviceActivity.framework in Frameworks */,
			);
			runOnlyForDeploymentPostprocessing = 0;
		};
		AF8695D92F411D5500388170 /* Frameworks */ = {
			isa = PBXFrameworksBuildPhase;
			buildActionMask = 2147483647;
			files = (
				AF22056E2F45B526009763BD /* FirebaseMessaging in Frameworks */,
				AF22056A2F45B526009763BD /* FirebaseAuth in Frameworks */,
				AF22056C2F45B526009763BD /* FirebaseFirestore in Frameworks */,
			);
			runOnlyForDeploymentPostprocessing = 0;
		};
		AF8695E62F411D5600388170 /* Frameworks */ = {
			isa = PBXFrameworksBuildPhase;
			buildActionMask = 2147483647;
			files = (
			);
			runOnlyForDeploymentPostprocessing = 0;
		};
		AF8695F02F411D5600388170 /* Frameworks */ = {
			isa = PBXFrameworksBuildPhase;
			buildActionMask = 2147483647;
			files = (
			);
			runOnlyForDeploymentPostprocessing = 0;
		};
/* End PBXFrameworksBuildPhase section */

/* Begin PBXGroup section */
		AF1471212F465CC600BB4819 /* Frameworks */ = {
			isa = PBXGroup;
			children = (
				AF1471222F465CC600BB4819 /* WidgetKit.framework */,
				AF1471242F465CC600BB4819 /* SwiftUI.framework */,
				AF56365A2F4683710067D4DE /* ManagedSettings.framework */,
				AF56365C2F4683710067D4DE /* ManagedSettingsUI.framework */,
				AF56366F2F4684A00067D4DE /* DeviceActivity.framework */,
			);
			name = Frameworks;
			sourceTree = "<group>";
		};
		AF8695D32F411D5500388170 = {
			isa = PBXGroup;
			children = (
				AF8695DE2F411D5500388170 /* PomoDuo */,
				AF8695EC2F411D5600388170 /* PomoDuoTests */,
				AF8695F62F411D5600388170 /* PomoDuoUITests */,
				AF1471262F465CC600BB4819 /* PomoDuoWidgetExtension */,
				AF56365E2F4683710067D4DE /* PomoDuoShield */,
				AF5636712F4684A00067D4DE /* PomoDuoMonitor */,
				AF1471212F465CC600BB4819 /* Frameworks */,
				AF8695DD2F411D5500388170 /* Products */,
			);
			sourceTree = "<group>";
		};
		AF8695DD2F411D5500388170 /* Products */ = {
			isa = PBXGroup;
			children = (
				AF8695DC2F411D5500388170 /* PomoDuo.app */,
				AF8695E92F411D5600388170 /* PomoDuoTests.xctest */,
				AF8695F32F411D5600388170 /* PomoDuoUITests.xctest */,
				AF1471202F465CC600BB4819 /* PomoDuoWidgetExtension.appex */,
				AF5636592F4683710067D4DE /* PomoDuoShieldExtension.appex */,
				AF56366E2F4684A00067D4DE /* PomoDuoMonitorExtension.appex */,
			);
			name = Products;
			sourceTree = "<group>";
		};
/* End PBXGroup section */

/* Begin PBXNativeTarget section */
		AF14711F2F465CC600BB4819 /* PomoDuoWidgetExtension */ = {
			isa = PBXNativeTarget;
			buildConfigurationList = AF1471332F465CC800BB4819 /* Build configuration list for PBXNativeTarget "PomoDuoWidgetExtension" */;
			buildPhases = (
				AF14711C2F465CC600BB4819 /* Sources */,
				AF14711D2F465CC600BB4819 /* Frameworks */,
				AF14711E2F465CC600BB4819 /* Resources */,
			);
			buildRules = (
			);
			dependencies = (
			);
			fileSystemSynchronizedGroups = (
				AF1471262F465CC600BB4819 /* PomoDuoWidgetExtension */,
			);
			name = PomoDuoWidgetExtension;
			packageProductDependencies = (
			);
			productName = PomoDuoWidgetExtensionExtension;
			productReference = AF1471202F465CC600BB4819 /* PomoDuoWidgetExtension.appex */;
			productType = "com.apple.product-type.app-extension";
		};
		AF5636582F4683710067D4DE /* PomoDuoShieldExtension */ = {
			isa = PBXNativeTarget;
			buildConfigurationList = AF5636682F4683710067D4DE /* Build configuration list for PBXNativeTarget "PomoDuoShieldExtension" */;
			buildPhases = (
				AF5636552F4683710067D4DE /* Sources */,
				AF5636562F4683710067D4DE /* Frameworks */,
				AF5636572F4683710067D4DE /* Resources */,
			);
			buildRules = (
			);
			dependencies = (
			);
			fileSystemSynchronizedGroups = (
				AF56365E2F4683710067D4DE /* PomoDuoShield */,
			);
			name = PomoDuoShieldExtension;
			packageProductDependencies = (
			);
			productName = PomoDuoShield;
			productReference = AF5636592F4683710067D4DE /* PomoDuoShieldExtension.appex */;
			productType = "com.apple.product-type.app-extension";
		};
		AF56366D2F4684A00067D4DE /* PomoDuoMonitorExtension */ = {
			isa = PBXNativeTarget;
			buildConfigurationList = AF5636792F4684A10067D4DE /* Build configuration list for PBXNativeTarget "PomoDuoMonitorExtension" */;
			buildPhases = (
				AF56366A2F4684A00067D4DE /* Sources */,
				AF56366B2F4684A00067D4DE /* Frameworks */,
				AF56366C2F4684A00067D4DE /* Resources */,
			);
			buildRules = (
			);
			dependencies = (
			);
			fileSystemSynchronizedGroups = (
				AF5636712F4684A00067D4DE /* PomoDuoMonitor */,
			);
			name = PomoDuoMonitorExtension;
			packageProductDependencies = (
			);
			productName = PomoDuoMonitor;
			productReference = AF56366E2F4684A00067D4DE /* PomoDuoMonitorExtension.appex */;
			productType = "com.apple.product-type.app-extension";
		};
		AF8695DB2F411D5500388170 /* PomoDuo */ = {
			isa = PBXNativeTarget;
			buildConfigurationList = AF8695FD2F411D5600388170 /* Build configuration list for PBXNativeTarget "PomoDuo" */;
			buildPhases = (
				AF8695D82F411D5500388170 /* Sources */,
				AF8695D92F411D5500388170 /* Frameworks */,
				AF8695DA2F411D5500388170 /* Resources */,
				AF1471372F465CC800BB4819 /* Embed Foundation Extensions */,
			);
			buildRules = (
			);
			dependencies = (
				AF1471312F465CC800BB4819 /* PBXTargetDependency */,
				AF5636642F4683710067D4DE /* PBXTargetDependency */,
				AF5636772F4684A10067D4DE /* PBXTargetDependency */,
			);
			fileSystemSynchronizedGroups = (
				AF8695DE2F411D5500388170 /* PomoDuo */,
			);
			name = PomoDuo;
			packageProductDependencies = (
				AF2205692F45B526009763BD /* FirebaseAuth */,
				AF22056B2F45B526009763BD /* FirebaseFirestore */,
				AF22056D2F45B526009763BD /* FirebaseMessaging */,
			);
			productName = PomoDuo;
			productReference = AF8695DC2F411D5500388170 /* PomoDuo.app */;
			productType = "com.apple.product-type.application";
		};
		AF8695E82F411D5600388170 /* PomoDuoTests */ = {
			isa = PBXNativeTarget;
			buildConfigurationList = AF8696002F411D5600388170 /* Build configuration list for PBXNativeTarget "PomoDuoTests" */;
			buildPhases = (
				AF8695E52F411D5600388170 /* Sources */,
				AF8695E62F411D5600388170 /* Frameworks */,
				AF8695E72F411D5600388170 /* Resources */,
			);
			buildRules = (
			);
			dependencies = (
				AF8695EB2F411D5600388170 /* PBXTargetDependency */,
			);
			fileSystemSynchronizedGroups = (
				AF8695EC2F411D5600388170 /* PomoDuoTests */,
			);
			name = PomoDuoTests;
			packageProductDependencies = (
			);
			productName = PomoDuoTests;
			productReference = AF8695E92F411D5600388170 /* PomoDuoTests.xctest */;
			productType = "com.apple.product-type.bundle.unit-test";
		};
		AF8695F22F411D5600388170 /* PomoDuoUITests */ = {
			isa = PBXNativeTarget;
			buildConfigurationList = AF8696032F411D5600388170 /* Build configuration list for PBXNativeTarget "PomoDuoUITests" */;
			buildPhases = (
				AF8695EF2F411D5600388170 /* Sources */,
				AF8695F02F411D5600388170 /* Frameworks */,
				AF8695F12F411D5600388170 /* Resources */,
			);
			buildRules = (
			);
			dependencies = (
				AF8695F52F411D5600388170 /* PBXTargetDependency */,
			);
			fileSystemSynchronizedGroups = (
				AF8695F62F411D5600388170 /* PomoDuoUITests */,
			);
			name = PomoDuoUITests;
			packageProductDependencies = (
			);
			productName = PomoDuoUITests;
			productReference = AF8695F32F411D5600388170 /* PomoDuoUITests.xctest */;
			productType = "com.apple.product-type.bundle.ui-testing";
		};
/* End PBXNativeTarget section */

/* Begin PBXProject section */
		AF8695D42F411D5500388170 /* Project object */ = {
			isa = PBXProject;
			attributes = {
				BuildIndependentTargetsInParallel = 1;
				LastSwiftUpdateCheck = 2620;
				LastUpgradeCheck = 2620;
				TargetAttributes = {
					AF14711F2F465CC600BB4819 = {
						CreatedOnToolsVersion = 26.2;
					};
					AF5636582F4683710067D4DE = {
						CreatedOnToolsVersion = 26.2;
					};
					AF56366D2F4684A00067D4DE = {
						CreatedOnToolsVersion = 26.2;
					};
					AF8695DB2F411D5500388170 = {
						CreatedOnToolsVersion = 26.2;
					};
					AF8695E82F411D5600388170 = {
						CreatedOnToolsVersion = 26.2;
						TestTargetID = AF8695DB2F411D5500388170;
					};
					AF8695F22F411D5600388170 = {
						CreatedOnToolsVersion = 26.2;
						TestTargetID = AF8695DB2F411D5500388170;
					};
				};
			};
			buildConfigurationList = AF8695D72F411D5500388170 /* Build configuration list for PBXProject "PomoDuo" */;
			developmentRegion = en;
			hasScannedForEncodings = 0;
			knownRegions = (
				en,
				Base,
			);
			mainGroup = AF8695D32F411D5500388170;
			minimizedProjectReferenceProxies = 1;
			packageReferences = (
				AF2205682F45B526009763BD /* XCRemoteSwiftPackageReference "firebase-ios-sdk" */,
			);
			preferredProjectObjectVersion = 77;
			productRefGroup = AF8695DD2F411D5500388170 /* Products */;
			projectDirPath = "";
			projectRoot = "";
			targets = (
				AF8695DB2F411D5500388170 /* PomoDuo */,
				AF8695E82F411D5600388170 /* PomoDuoTests */,
				AF8695F22F411D5600388170 /* PomoDuoUITests */,
				AF14711F2F465CC600BB4819 /* PomoDuoWidgetExtension */,
				AF5636582F4683710067D4DE /* PomoDuoShieldExtension */,
				AF56366D2F4684A00067D4DE /* PomoDuoMonitorExtension */,
			);
		};
/* End PBXProject section */

/* Begin PBXResourcesBuildPhase section */
		AF14711E2F465CC600BB4819 /* Resources */ = {
			isa = PBXResourcesBuildPhase;
			buildActionMask = 2147483647;
			files = (
			);
			runOnlyForDeploymentPostprocessing = 0;
		};
		AF5636572F4683710067D4DE /* Resources */ = {
			isa = PBXResourcesBuildPhase;
			buildActionMask = 2147483647;
			files = (
			);
			runOnlyForDeploymentPostprocessing = 0;
		};
		AF56366C2F4684A00067D4DE /* Resources */ = {
			isa = PBXResourcesBuildPhase;
			buildActionMask = 2147483647;
			files = (
			);
			runOnlyForDeploymentPostprocessing = 0;
		};
		AF8695DA2F411D5500388170 /* Resources */ = {
			isa = PBXResourcesBuildPhase;
			buildActionMask = 2147483647;
			files = (
			);
			runOnlyForDeploymentPostprocessing = 0;
		};
		AF8695E72F411D5600388170 /* Resources */ = {
			isa = PBXResourcesBuildPhase;
			buildActionMask = 2147483647;
			files = (
			);
			runOnlyForDeploymentPostprocessing = 0;
		};
		AF8695F12F411D5600388170 /* Resources */ = {
			isa = PBXResourcesBuildPhase;
			buildActionMask = 2147483647;
			files = (
			);
			runOnlyForDeploymentPostprocessing = 0;
		};
/* End PBXResourcesBuildPhase section */

/* Begin PBXSourcesBuildPhase section */
		AF14711C2F465CC600BB4819 /* Sources */ = {
			isa = PBXSourcesBuildPhase;
			buildActionMask = 2147483647;
			files = (
			);
			runOnlyForDeploymentPostprocessing = 0;
		};
		AF5636552F4683710067D4DE /* Sources */ = {
			isa = PBXSourcesBuildPhase;
			buildActionMask = 2147483647;
			files = (
			);
			runOnlyForDeploymentPostprocessing = 0;
		};
		AF56366A2F4684A00067D4DE /* Sources */ = {
			isa = PBXSourcesBuildPhase;
			buildActionMask = 2147483647;
			files = (
			);
			runOnlyForDeploymentPostprocessing = 0;
		};
		AF8695D82F411D5500388170 /* Sources */ = {
			isa = PBXSourcesBuildPhase;
			buildActionMask = 2147483647;
			files = (
			);
			runOnlyForDeploymentPostprocessing = 0;
		};
		AF8695E52F411D5600388170 /* Sources */ = {
			isa = PBXSourcesBuildPhase;
			buildActionMask = 2147483647;
			files = (
			);
			runOnlyForDeploymentPostprocessing = 0;
		};
		AF8695EF2F411D5600388170 /* Sources */ = {
			isa = PBXSourcesBuildPhase;
			buildActionMask = 2147483647;
			files = (
			);
			runOnlyForDeploymentPostprocessing = 0;
		};
/* End PBXSourcesBuildPhase section */

/* Begin PBXTargetDependency section */
		AF1471312F465CC800BB4819 /* PBXTargetDependency */ = {
			isa = PBXTargetDependency;
			target = AF14711F2F465CC600BB4819 /* PomoDuoWidgetExtension */;
			targetProxy = AF1471302F465CC800BB4819 /* PBXContainerItemProxy */;
		};
		AF5636642F4683710067D4DE /* PBXTargetDependency */ = {
			isa = PBXTargetDependency;
			target = AF5636582F4683710067D4DE /* PomoDuoShieldExtension */;
			targetProxy = AF5636632F4683710067D4DE /* PBXContainerItemProxy */;
		};
		AF5636772F4684A10067D4DE /* PBXTargetDependency */ = {
			isa = PBXTargetDependency;
			target = AF56366D2F4684A00067D4DE /* PomoDuoMonitorExtension */;
			targetProxy = AF5636762F4684A10067D4DE /* PBXContainerItemProxy */;
		};
		AF8695EB2F411D5600388170 /* PBXTargetDependency */ = {
			isa = PBXTargetDependency;
			target = AF8695DB2F411D5500388170 /* PomoDuo */;
			targetProxy = AF8695EA2F411D5600388170 /* PBXContainerItemProxy */;
		};
		AF8695F52F411D5600388170 /* PBXTargetDependency */ = {
			isa = PBXTargetDependency;
			target = AF8695DB2F411D5500388170 /* PomoDuo */;
			targetProxy = AF8695F42F411D5600388170 /* PBXContainerItemProxy */;
		};
/* End PBXTargetDependency section */

/* Begin XCBuildConfiguration section */
		AF1471342F465CC800BB4819 /* Debug */ = {
			isa = XCBuildConfiguration;
			buildSettings = {
				ASSETCATALOG_COMPILER_GLOBAL_ACCENT_COLOR_NAME = AccentColor;
				ASSETCATALOG_COMPILER_WIDGET_BACKGROUND_COLOR_NAME = WidgetBackground;
				CODE_SIGN_ENTITLEMENTS = PomoDuoWidgetExtension/PomoDuoWidgetExtension.entitlements;
				CODE_SIGN_STYLE = Automatic;
				CURRENT_PROJECT_VERSION = 1;
				DEVELOPMENT_TEAM = 2MPMKAF986;
				GENERATE_INFOPLIST_FILE = YES;
				INFOPLIST_FILE = PomoDuoWidgetExtension/Info.plist;
				INFOPLIST_KEY_CFBundleDisplayName = PomoDuoWidgetExtension;
				INFOPLIST_KEY_NSHumanReadableCopyright = "";
				LD_RUNPATH_SEARCH_PATHS = (
					"$(inherited)",
					"@executable_path/Frameworks",
					"@executable_path/../../Frameworks",
				);
				MARKETING_VERSION = 1.0;
				PRODUCT_BUNDLE_IDENTIFIER = com.arieljtyson.PomoDuo.PomoDuoWidgetExtension;
				PRODUCT_NAME = "$(TARGET_NAME)";
				SKIP_INSTALL = YES;
				STRING_CATALOG_GENERATE_SYMBOLS = YES;
				SWIFT_APPROACHABLE_CONCURRENCY = YES;
				SWIFT_EMIT_LOC_STRINGS = YES;
				SWIFT_UPCOMING_FEATURE_MEMBER_IMPORT_VISIBILITY = YES;
				SWIFT_VERSION = 5.0;
				TARGETED_DEVICE_FAMILY = "1,2";
			};
			name = Debug;
		};
		AF1471352F465CC800BB4819 /* Release */ = {
			isa = XCBuildConfiguration;
			buildSettings = {
				ASSETCATALOG_COMPILER_GLOBAL_ACCENT_COLOR_NAME = AccentColor;
				ASSETCATALOG_COMPILER_WIDGET_BACKGROUND_COLOR_NAME = WidgetBackground;
				CODE_SIGN_ENTITLEMENTS = PomoDuoWidgetExtension/PomoDuoWidgetExtension.entitlements;
				CODE_SIGN_STYLE = Automatic;
				CURRENT_PROJECT_VERSION = 1;
				DEVELOPMENT_TEAM = 2MPMKAF986;
				GENERATE_INFOPLIST_FILE = YES;
				INFOPLIST_FILE = PomoDuoWidgetExtension/Info.plist;
				INFOPLIST_KEY_CFBundleDisplayName = PomoDuoWidgetExtension;
				INFOPLIST_KEY_NSHumanReadableCopyright = "";
				LD_RUNPATH_SEARCH_PATHS = (
					"$(inherited)",
					"@executable_path/Frameworks",
					"@executable_path/../../Frameworks",
				);
				MARKETING_VERSION = 1.0;
				PRODUCT_BUNDLE_IDENTIFIER = com.arieljtyson.PomoDuo.PomoDuoWidgetExtension;
				PRODUCT_NAME = "$(TARGET_NAME)";
				SKIP_INSTALL = YES;
				STRING_CATALOG_GENERATE_SYMBOLS = YES;
				SWIFT_APPROACHABLE_CONCURRENCY = YES;
				SWIFT_EMIT_LOC_STRINGS = YES;
				SWIFT_UPCOMING_FEATURE_MEMBER_IMPORT_VISIBILITY = YES;
				SWIFT_VERSION = 5.0;
				TARGETED_DEVICE_FAMILY = "1,2";
			};
			name = Release;
		};
		AF5636662F4683710067D4DE /* Debug */ = {
			isa = XCBuildConfiguration;
			buildSettings = {
				CODE_SIGN_ENTITLEMENTS = PomoDuoShield/PomoDuoShieldExtension.entitlements;
				CODE_SIGN_IDENTITY = "Apple Development";
				CODE_SIGN_STYLE = Automatic;
				CURRENT_PROJECT_VERSION = 1;
				DEVELOPMENT_TEAM = 2MPMKAF986;
				GENERATE_INFOPLIST_FILE = YES;
				INFOPLIST_FILE = PomoDuoShield/Info.plist;
				INFOPLIST_KEY_CFBundleDisplayName = PomoDuoShield;
				INFOPLIST_KEY_NSHumanReadableCopyright = "";
				LD_RUNPATH_SEARCH_PATHS = (
					"$(inherited)",
					"@executable_path/Frameworks",
					"@executable_path/../../Frameworks",
				);
				MARKETING_VERSION = 1.0;
				PRODUCT_BUNDLE_IDENTIFIER = com.arieljtyson.PomoDuo.PomoDuoShield;
				PRODUCT_NAME = "$(TARGET_NAME)";
				PROVISIONING_PROFILE_SPECIFIER = "";
				SKIP_INSTALL = YES;
				STRING_CATALOG_GENERATE_SYMBOLS = YES;
				SWIFT_APPROACHABLE_CONCURRENCY = YES;
				SWIFT_EMIT_LOC_STRINGS = YES;
				SWIFT_UPCOMING_FEATURE_MEMBER_IMPORT_VISIBILITY = YES;
				SWIFT_VERSION = 6.0;
				TARGETED_DEVICE_FAMILY = "1,2";
			};
			name = Debug;
		};
		AF5636672F4683710067D4DE /* Release */ = {
			isa = XCBuildConfiguration;
			buildSettings = {
				CODE_SIGN_ENTITLEMENTS = PomoDuoShield/PomoDuoShieldExtension.entitlements;
				CODE_SIGN_IDENTITY = "Apple Development";
				CODE_SIGN_STYLE = Automatic;
				CURRENT_PROJECT_VERSION = 1;
				DEVELOPMENT_TEAM = 2MPMKAF986;
				GENERATE_INFOPLIST_FILE = YES;
				INFOPLIST_FILE = PomoDuoShield/Info.plist;
				INFOPLIST_KEY_CFBundleDisplayName = PomoDuoShield;
				INFOPLIST_KEY_NSHumanReadableCopyright = "";
				LD_RUNPATH_SEARCH_PATHS = (
					"$(inherited)",
					"@executable_path/Frameworks",
					"@executable_path/../../Frameworks",
				);
				MARKETING_VERSION = 1.0;
				PRODUCT_BUNDLE_IDENTIFIER = com.arieljtyson.PomoDuo.PomoDuoShield;
				PRODUCT_NAME = "$(TARGET_NAME)";
				PROVISIONING_PROFILE_SPECIFIER = "";
				SKIP_INSTALL = YES;
				STRING_CATALOG_GENERATE_SYMBOLS = YES;
				SWIFT_APPROACHABLE_CONCURRENCY = YES;
				SWIFT_EMIT_LOC_STRINGS = YES;
				SWIFT_UPCOMING_FEATURE_MEMBER_IMPORT_VISIBILITY = YES;
				SWIFT_VERSION = 6.0;
				TARGETED_DEVICE_FAMILY = "1,2";
			};
			name = Release;
		};
		AF56367A2F4684A10067D4DE /* Debug */ = {
			isa = XCBuildConfiguration;
			buildSettings = {
				CODE_SIGN_ENTITLEMENTS = PomoDuoMonitor/PomoDuoMonitorExtension.entitlements;
				CODE_SIGN_IDENTITY = "Apple Development";
				CODE_SIGN_STYLE = Automatic;
				CURRENT_PROJECT_VERSION = 1;
				DEVELOPMENT_TEAM = 2MPMKAF986;
				GENERATE_INFOPLIST_FILE = YES;
				INFOPLIST_FILE = PomoDuoMonitor/Info.plist;
				INFOPLIST_KEY_CFBundleDisplayName = PomoDuoMonitor;
				INFOPLIST_KEY_NSHumanReadableCopyright = "";
				LD_RUNPATH_SEARCH_PATHS = (
					"$(inherited)",
					"@executable_path/Frameworks",
					"@executable_path/../../Frameworks",
				);
				MARKETING_VERSION = 1.0;
				PRODUCT_BUNDLE_IDENTIFIER = com.arieljtyson.PomoDuo.PomoDuoMonitor;
				PRODUCT_NAME = "$(TARGET_NAME)";
				PROVISIONING_PROFILE_SPECIFIER = "";
				SKIP_INSTALL = YES;
				STRING_CATALOG_GENERATE_SYMBOLS = YES;
				SWIFT_APPROACHABLE_CONCURRENCY = YES;
				SWIFT_EMIT_LOC_STRINGS = YES;
				SWIFT_UPCOMING_FEATURE_MEMBER_IMPORT_VISIBILITY = YES;
				SWIFT_VERSION = 6.0;
				TARGETED_DEVICE_FAMILY = "1,2";
			};
			name = Debug;
		};
		AF56367B2F4684A10067D4DE /* Release */ = {
			isa = XCBuildConfiguration;
			buildSettings = {
				CODE_SIGN_ENTITLEMENTS = PomoDuoMonitor/PomoDuoMonitorExtension.entitlements;
				CODE_SIGN_IDENTITY = "Apple Development";
				CODE_SIGN_STYLE = Automatic;
				CURRENT_PROJECT_VERSION = 1;
				DEVELOPMENT_TEAM = 2MPMKAF986;
				GENERATE_INFOPLIST_FILE = YES;
				INFOPLIST_FILE = PomoDuoMonitor/Info.plist;
				INFOPLIST_KEY_CFBundleDisplayName = PomoDuoMonitor;
				INFOPLIST_KEY_NSHumanReadableCopyright = "";
				LD_RUNPATH_SEARCH_PATHS = (
					"$(inherited)",
					"@executable_path/Frameworks",
					"@executable_path/../../Frameworks",
				);
				MARKETING_VERSION = 1.0;
				PRODUCT_BUNDLE_IDENTIFIER = com.arieljtyson.PomoDuo.PomoDuoMonitor;
				PRODUCT_NAME = "$(TARGET_NAME)";
				PROVISIONING_PROFILE_SPECIFIER = "";
				SKIP_INSTALL = YES;
				STRING_CATALOG_GENERATE_SYMBOLS = YES;
				SWIFT_APPROACHABLE_CONCURRENCY = YES;
				SWIFT_EMIT_LOC_STRINGS = YES;
				SWIFT_UPCOMING_FEATURE_MEMBER_IMPORT_VISIBILITY = YES;
				SWIFT_VERSION = 6.0;
				TARGETED_DEVICE_FAMILY = "1,2";
			};
			name = Release;
		};
		AF8695FB2F411D5600388170 /* Debug */ = {
			isa = XCBuildConfiguration;
			buildSettings = {
				ALWAYS_SEARCH_USER_PATHS = NO;
				ASSETCATALOG_COMPILER_GENERATE_SWIFT_ASSET_SYMBOL_EXTENSIONS = YES;
				CLANG_ANALYZER_NONNULL = YES;
				CLANG_ANALYZER_NUMBER_OBJECT_CONVERSION = YES_AGGRESSIVE;
				CLANG_CXX_LANGUAGE_STANDARD = "gnu++20";
				CLANG_ENABLE_MODULES = YES;
				CLANG_ENABLE_OBJC_ARC = YES;
				CLANG_ENABLE_OBJC_WEAK = YES;
				CLANG_WARN_BLOCK_CAPTURE_AUTORELEASING = YES;
				CLANG_WARN_BOOL_CONVERSION = YES;
				CLANG_WARN_COMMA = YES;
				CLANG_WARN_CONSTANT_CONVERSION = YES;
				CLANG_WARN_DEPRECATED_OBJC_IMPLEMENTATIONS = YES;
				CLANG_WARN_DIRECT_OBJC_ISA_USAGE = YES_ERROR;
				CLANG_WARN_DOCUMENTATION_COMMENTS = YES;
				CLANG_WARN_EMPTY_BODY = YES;
				CLANG_WARN_ENUM_CONVERSION = YES;
				CLANG_WARN_INFINITE_RECURSION = YES;
				CLANG_WARN_INT_CONVERSION = YES;
				CLANG_WARN_NON_LITERAL_NULL_CONVERSION = YES;
				CLANG_WARN_OBJC_IMPLICIT_RETAIN_SELF = YES;
				CLANG_WARN_OBJC_LITERAL_CONVERSION = YES;
				CLANG_WARN_OBJC_ROOT_CLASS = YES_ERROR;
				CLANG_WARN_QUOTED_INCLUDE_IN_FRAMEWORK_HEADER = YES;
				CLANG_WARN_RANGE_LOOP_ANALYSIS = YES;
				CLANG_WARN_STRICT_PROTOTYPES = YES;
				CLANG_WARN_SUSPICIOUS_MOVE = YES;
				CLANG_WARN_UNGUARDED_AVAILABILITY = YES_AGGRESSIVE;
				CLANG_WARN_UNREACHABLE_CODE = YES;
				CLANG_WARN__DUPLICATE_METHOD_MATCH = YES;
				COPY_PHASE_STRIP = NO;
				DEBUG_INFORMATION_FORMAT = dwarf;
				DEVELOPMENT_TEAM = 2MPMKAF986;
				ENABLE_STRICT_OBJC_MSGSEND = YES;
				ENABLE_TESTABILITY = YES;
				ENABLE_USER_SCRIPT_SANDBOXING = YES;
				GCC_C_LANGUAGE_STANDARD = gnu17;
				GCC_DYNAMIC_NO_PIC = NO;
				GCC_NO_COMMON_BLOCKS = YES;
				GCC_OPTIMIZATION_LEVEL = 0;
				GCC_PREPROCESSOR_DEFINITIONS = (
					"DEBUG=1",
					"$(inherited)",
				);
				GCC_WARN_64_TO_32_BIT_CONVERSION = YES;
				GCC_WARN_ABOUT_RETURN_TYPE = YES_ERROR;
				GCC_WARN_UNDECLARED_SELECTOR = YES;
				GCC_WARN_UNINITIALIZED_AUTOS = YES_AGGRESSIVE;
				GCC_WARN_UNUSED_FUNCTION = YES;
				GCC_WARN_UNUSED_VARIABLE = YES;
				IPHONEOS_DEPLOYMENT_TARGET = 26.2;
				LOCALIZATION_PREFERS_STRING_CATALOGS = YES;
				MTL_ENABLE_DEBUG_INFO = INCLUDE_SOURCE;
				MTL_FAST_MATH = YES;
				ONLY_ACTIVE_ARCH = YES;
				SDKROOT = iphoneos;
				SWIFT_ACTIVE_COMPILATION_CONDITIONS = "DEBUG $(inherited)";
				SWIFT_OPTIMIZATION_LEVEL = "-Onone";
			};
			name = Debug;
		};
		AF8695FC2F411D5600388170 /* Release */ = {
			isa = XCBuildConfiguration;
			buildSettings = {
				ALWAYS_SEARCH_USER_PATHS = NO;
				ASSETCATALOG_COMPILER_GENERATE_SWIFT_ASSET_SYMBOL_EXTENSIONS = YES;
				CLANG_ANALYZER_NONNULL = YES;
				CLANG_ANALYZER_NUMBER_OBJECT_CONVERSION = YES_AGGRESSIVE;
				CLANG_CXX_LANGUAGE_STANDARD = "gnu++20";
				CLANG_ENABLE_MODULES = YES;
				CLANG_ENABLE_OBJC_ARC = YES;
				CLANG_ENABLE_OBJC_WEAK = YES;
				CLANG_WARN_BLOCK_CAPTURE_AUTORELEASING = YES;
				CLANG_WARN_BOOL_CONVERSION = YES;
				CLANG_WARN_COMMA = YES;
				CLANG_WARN_CONSTANT_CONVERSION = YES;
				CLANG_WARN_DEPRECATED_OBJC_IMPLEMENTATIONS = YES;
				CLANG_WARN_DIRECT_OBJC_ISA_USAGE = YES_ERROR;
				CLANG_WARN_DOCUMENTATION_COMMENTS = YES;
				CLANG_WARN_EMPTY_BODY = YES;
				CLANG_WARN_ENUM_CONVERSION = YES;
				CLANG_WARN_INFINITE_RECURSION = YES;
				CLANG_WARN_INT_CONVERSION = YES;
				CLANG_WARN_NON_LITERAL_NULL_CONVERSION = YES;
				CLANG_WARN_OBJC_IMPLICIT_RETAIN_SELF = YES;
				CLANG_WARN_OBJC_LITERAL_CONVERSION = YES;
				CLANG_WARN_OBJC_ROOT_CLASS = YES_ERROR;
				CLANG_WARN_QUOTED_INCLUDE_IN_FRAMEWORK_HEADER = YES;
				CLANG_WARN_RANGE_LOOP_ANALYSIS = YES;
				CLANG_WARN_STRICT_PROTOTYPES = YES;
				CLANG_WARN_SUSPICIOUS_MOVE = YES;
				CLANG_WARN_UNGUARDED_AVAILABILITY = YES_AGGRESSIVE;
				CLANG_WARN_UNREACHABLE_CODE = YES;
				CLANG_WARN__DUPLICATE_METHOD_MATCH = YES;
				COPY_PHASE_STRIP = NO;
				DEBUG_INFORMATION_FORMAT = "dwarf-with-dsym";
				DEVELOPMENT_TEAM = 2MPMKAF986;
				ENABLE_NS_ASSERTIONS = NO;
				ENABLE_STRICT_OBJC_MSGSEND = YES;
				ENABLE_USER_SCRIPT_SANDBOXING = YES;
				GCC_C_LANGUAGE_STANDARD = gnu17;
				GCC_NO_COMMON_BLOCKS = YES;
				GCC_WARN_64_TO_32_BIT_CONVERSION = YES;
				GCC_WARN_ABOUT_RETURN_TYPE = YES_ERROR;
				GCC_WARN_UNDECLARED_SELECTOR = YES;
				GCC_WARN_UNINITIALIZED_AUTOS = YES_AGGRESSIVE;
				GCC_WARN_UNUSED_FUNCTION = YES;
				GCC_WARN_UNUSED_VARIABLE = YES;
				IPHONEOS_DEPLOYMENT_TARGET = 26.2;
				LOCALIZATION_PREFERS_STRING_CATALOGS = YES;
				MTL_ENABLE_DEBUG_INFO = NO;
				MTL_FAST_MATH = YES;
				SDKROOT = iphoneos;
				SWIFT_COMPILATION_MODE = wholemodule;
				VALIDATE_PRODUCT = YES;
			};
			name = Release;
		};
		AF8695FE2F411D5600388170 /* Debug */ = {
			isa = XCBuildConfiguration;
			buildSettings = {
				ASSETCATALOG_COMPILER_APPICON_NAME = PomoDuoIcon;
				ASSETCATALOG_COMPILER_GLOBAL_ACCENT_COLOR_NAME = AccentColor;
				ASSETCATALOG_COMPILER_INCLUDE_ALL_APPICON_ASSETS = YES;
				CODE_SIGN_ENTITLEMENTS = PomoDuo/PomoDuo.entitlements;
				CODE_SIGN_STYLE = Automatic;
				CURRENT_PROJECT_VERSION = 1;
				DEVELOPMENT_TEAM = 2MPMKAF986;
				ENABLE_PREVIEWS = YES;
				GENERATE_INFOPLIST_FILE = YES;
				INFOPLIST_FILE = PomoDuo/Info.plist;
				INFOPLIST_KEY_CFBundleDisplayName = PomoDuo;
				INFOPLIST_KEY_LSApplicationCategoryType = "public.app-category.productivity";
				INFOPLIST_KEY_NSSupportsLiveActivities = YES;
				INFOPLIST_KEY_NSSupportsLiveActivitiesFrequentUpdates = YES;
				INFOPLIST_KEY_UIApplicationSceneManifest_Generation = YES;
				INFOPLIST_KEY_UIApplicationSupportsIndirectInputEvents = YES;
				INFOPLIST_KEY_UILaunchScreen_Generation = YES;
				INFOPLIST_KEY_UISupportedInterfaceOrientations = UIInterfaceOrientationPortrait;
				INFOPLIST_KEY_UISupportedInterfaceOrientations_iPad = "UIInterfaceOrientationLandscapeLeft UIInterfaceOrientationLandscapeRight UIInterfaceOrientationPortrait UIInterfaceOrientationPortraitUpsideDown";
				LD_RUNPATH_SEARCH_PATHS = (
					"$(inherited)",
					"@executable_path/Frameworks",
				);
				MARKETING_VERSION = 1.0;
				PRODUCT_BUNDLE_IDENTIFIER = com.arieljtyson.PomoDuo;
				PRODUCT_NAME = "$(TARGET_NAME)";
				STRING_CATALOG_GENERATE_SYMBOLS = YES;
				SWIFT_APPROACHABLE_CONCURRENCY = YES;
				SWIFT_DEFAULT_ACTOR_ISOLATION = MainActor;
				SWIFT_EMIT_LOC_STRINGS = YES;
				SWIFT_UPCOMING_FEATURE_MEMBER_IMPORT_VISIBILITY = YES;
				SWIFT_VERSION = 6.0;
				TARGETED_DEVICE_FAMILY = "1,2";
			};
			name = Debug;
		};
		AF8695FF2F411D5600388170 /* Release */ = {
			isa = XCBuildConfiguration;
			buildSettings = {
				ASSETCATALOG_COMPILER_APPICON_NAME = PomoDuoIcon;
				ASSETCATALOG_COMPILER_GLOBAL_ACCENT_COLOR_NAME = AccentColor;
				ASSETCATALOG_COMPILER_INCLUDE_ALL_APPICON_ASSETS = YES;
				CODE_SIGN_ENTITLEMENTS = PomoDuo/PomoDuo.entitlements;
				CODE_SIGN_STYLE = Automatic;
				CURRENT_PROJECT_VERSION = 1;
				DEVELOPMENT_TEAM = 2MPMKAF986;
				ENABLE_PREVIEWS = YES;
				GENERATE_INFOPLIST_FILE = YES;
				INFOPLIST_FILE = PomoDuo/Info.plist;
				INFOPLIST_KEY_CFBundleDisplayName = PomoDuo;
				INFOPLIST_KEY_LSApplicationCategoryType = "public.app-category.productivity";
				INFOPLIST_KEY_NSSupportsLiveActivities = YES;
				INFOPLIST_KEY_NSSupportsLiveActivitiesFrequentUpdates = YES;
				INFOPLIST_KEY_UIApplicationSceneManifest_Generation = YES;
				INFOPLIST_KEY_UIApplicationSupportsIndirectInputEvents = YES;
				INFOPLIST_KEY_UILaunchScreen_Generation = YES;
				INFOPLIST_KEY_UISupportedInterfaceOrientations = UIInterfaceOrientationPortrait;
				INFOPLIST_KEY_UISupportedInterfaceOrientations_iPad = "UIInterfaceOrientationLandscapeLeft UIInterfaceOrientationLandscapeRight UIInterfaceOrientationPortrait UIInterfaceOrientationPortraitUpsideDown";
				LD_RUNPATH_SEARCH_PATHS = (
					"$(inherited)",
					"@executable_path/Frameworks",
				);
				MARKETING_VERSION = 1.0;
				PRODUCT_BUNDLE_IDENTIFIER = com.arieljtyson.PomoDuo;
				PRODUCT_NAME = "$(TARGET_NAME)";
				STRING_CATALOG_GENERATE_SYMBOLS = YES;
				SWIFT_APPROACHABLE_CONCURRENCY = YES;
				SWIFT_DEFAULT_ACTOR_ISOLATION = MainActor;
				SWIFT_EMIT_LOC_STRINGS = YES;
				SWIFT_UPCOMING_FEATURE_MEMBER_IMPORT_VISIBILITY = YES;
				SWIFT_VERSION = 6.0;
				TARGETED_DEVICE_FAMILY = "1,2";
			};
			name = Release;
		};
		AF8696012F411D5600388170 /* Debug */ = {
			isa = XCBuildConfiguration;
			buildSettings = {
				BUNDLE_LOADER = "$(TEST_HOST)";
				CODE_SIGN_STYLE = Automatic;
				CURRENT_PROJECT_VERSION = 1;
				DEVELOPMENT_TEAM = 2MPMKAF986;
				GENERATE_INFOPLIST_FILE = YES;
				IPHONEOS_DEPLOYMENT_TARGET = 26.2;
				MARKETING_VERSION = 1.0;
				PRODUCT_BUNDLE_IDENTIFIER = com.arieljtyson.PomoDuoTests;
				PRODUCT_NAME = "$(TARGET_NAME)";
				STRING_CATALOG_GENERATE_SYMBOLS = NO;
				SWIFT_APPROACHABLE_CONCURRENCY = YES;
				SWIFT_EMIT_LOC_STRINGS = NO;
				SWIFT_UPCOMING_FEATURE_MEMBER_IMPORT_VISIBILITY = YES;
				SWIFT_VERSION = 6.0;
				TARGETED_DEVICE_FAMILY = "1,2";
				TEST_HOST = "$(BUILT_PRODUCTS_DIR)/PomoDuo.app/$(BUNDLE_EXECUTABLE_FOLDER_PATH)/PomoDuo";
			};
			name = Debug;
		};
		AF8696022F411D5600388170 /* Release */ = {
			isa = XCBuildConfiguration;
			buildSettings = {
				BUNDLE_LOADER = "$(TEST_HOST)";
				CODE_SIGN_STYLE = Automatic;
				CURRENT_PROJECT_VERSION = 1;
				DEVELOPMENT_TEAM = 2MPMKAF986;
				GENERATE_INFOPLIST_FILE = YES;
				IPHONEOS_DEPLOYMENT_TARGET = 26.2;
				MARKETING_VERSION = 1.0;
				PRODUCT_BUNDLE_IDENTIFIER = com.arieljtyson.PomoDuoTests;
				PRODUCT_NAME = "$(TARGET_NAME)";
				STRING_CATALOG_GENERATE_SYMBOLS = NO;
				SWIFT_APPROACHABLE_CONCURRENCY = YES;
				SWIFT_EMIT_LOC_STRINGS = NO;
				SWIFT_UPCOMING_FEATURE_MEMBER_IMPORT_VISIBILITY = YES;
				SWIFT_VERSION = 6.0;
				TARGETED_DEVICE_FAMILY = "1,2";
				TEST_HOST = "$(BUILT_PRODUCTS_DIR)/PomoDuo.app/$(BUNDLE_EXECUTABLE_FOLDER_PATH)/PomoDuo";
			};
			name = Release;
		};
		AF8696042F411D5600388170 /* Debug */ = {
			isa = XCBuildConfiguration;
			buildSettings = {
				CODE_SIGN_STYLE = Automatic;
				CURRENT_PROJECT_VERSION = 1;
				DEVELOPMENT_TEAM = 2MPMKAF986;
				GENERATE_INFOPLIST_FILE = YES;
				MARKETING_VERSION = 1.0;
				PRODUCT_BUNDLE_IDENTIFIER = com.arieljtyson.PomoDuoUITests;
				PRODUCT_NAME = "$(TARGET_NAME)";
				STRING_CATALOG_GENERATE_SYMBOLS = NO;
				SWIFT_APPROACHABLE_CONCURRENCY = YES;
				SWIFT_EMIT_LOC_STRINGS = NO;
				SWIFT_UPCOMING_FEATURE_MEMBER_IMPORT_VISIBILITY = YES;
				SWIFT_VERSION = 6.0;
				TARGETED_DEVICE_FAMILY = "1,2";
				TEST_TARGET_NAME = PomoDuo;
			};
			name = Debug;
		};
		AF8696052F411D5600388170 /* Release */ = {
			isa = XCBuildConfiguration;
			buildSettings = {
				CODE_SIGN_STYLE = Automatic;
				CURRENT_PROJECT_VERSION = 1;
				DEVELOPMENT_TEAM = 2MPMKAF986;
				GENERATE_INFOPLIST_FILE = YES;
				MARKETING_VERSION = 1.0;
				PRODUCT_BUNDLE_IDENTIFIER = com.arieljtyson.PomoDuoUITests;
				PRODUCT_NAME = "$(TARGET_NAME)";
				STRING_CATALOG_GENERATE_SYMBOLS = NO;
				SWIFT_APPROACHABLE_CONCURRENCY = YES;
				SWIFT_EMIT_LOC_STRINGS = NO;
				SWIFT_UPCOMING_FEATURE_MEMBER_IMPORT_VISIBILITY = YES;
				SWIFT_VERSION = 6.0;
				TARGETED_DEVICE_FAMILY = "1,2";
				TEST_TARGET_NAME = PomoDuo;
			};
			name = Release;
		};
/* End XCBuildConfiguration section */

/* Begin XCConfigurationList section */
		AF1471332F465CC800BB4819 /* Build configuration list for PBXNativeTarget "PomoDuoWidgetExtension" */ = {
			isa = XCConfigurationList;
			buildConfigurations = (
				AF1471342F465CC800BB4819 /* Debug */,
				AF1471352F465CC800BB4819 /* Release */,
			);
			defaultConfigurationIsVisible = 0;
			defaultConfigurationName = Release;
		};
		AF5636682F4683710067D4DE /* Build configuration list for PBXNativeTarget "PomoDuoShieldExtension" */ = {
			isa = XCConfigurationList;
			buildConfigurations = (
				AF5636662F4683710067D4DE /* Debug */,
				AF5636672F4683710067D4DE /* Release */,
			);
			defaultConfigurationIsVisible = 0;
			defaultConfigurationName = Release;
		};
		AF5636792F4684A10067D4DE /* Build configuration list for PBXNativeTarget "PomoDuoMonitorExtension" */ = {
			isa = XCConfigurationList;
			buildConfigurations = (
				AF56367A2F4684A10067D4DE /* Debug */,
				AF56367B2F4684A10067D4DE /* Release */,
			);
			defaultConfigurationIsVisible = 0;
			defaultConfigurationName = Release;
		};
		AF8695D72F411D5500388170 /* Build configuration list for PBXProject "PomoDuo" */ = {
			isa = XCConfigurationList;
			buildConfigurations = (
				AF8695FB2F411D5600388170 /* Debug */,
				AF8695FC2F411D5600388170 /* Release */,
			);
			defaultConfigurationIsVisible = 0;
			defaultConfigurationName = Release;
		};
		AF8695FD2F411D5600388170 /* Build configuration list for PBXNativeTarget "PomoDuo" */ = {
			isa = XCConfigurationList;
			buildConfigurations = (
				AF8695FE2F411D5600388170 /* Debug */,
				AF8695FF2F411D5600388170 /* Release */,
			);
			defaultConfigurationIsVisible = 0;
			defaultConfigurationName = Release;
		};
		AF8696002F411D5600388170 /* Build configuration list for PBXNativeTarget "PomoDuoTests" */ = {
			isa = XCConfigurationList;
			buildConfigurations = (
				AF8696012F411D5600388170 /* Debug */,
				AF8696022F411D5600388170 /* Release */,
			);
			defaultConfigurationIsVisible = 0;
			defaultConfigurationName = Release;
		};
		AF8696032F411D5600388170 /* Build configuration list for PBXNativeTarget "PomoDuoUITests" */ = {
			isa = XCConfigurationList;
			buildConfigurations = (
				AF8696042F411D5600388170 /* Debug */,
				AF8696052F411D5600388170 /* Release */,
			);
			defaultConfigurationIsVisible = 0;
			defaultConfigurationName = Release;
		};
/* End XCConfigurationList section */

/* Begin XCRemoteSwiftPackageReference section */
		AF2205682F45B526009763BD /* XCRemoteSwiftPackageReference "firebase-ios-sdk" */ = {
			isa = XCRemoteSwiftPackageReference;
			repositoryURL = "https://github.com/firebase/firebase-ios-sdk";
			requirement = {
				kind = upToNextMajorVersion;
				minimumVersion = 12.9.0;
			};
		};
/* End XCRemoteSwiftPackageReference section */

/* Begin XCSwiftPackageProductDependency section */
		AF2205692F45B526009763BD /* FirebaseAuth */ = {
			isa = XCSwiftPackageProductDependency;
			package = AF2205682F45B526009763BD /* XCRemoteSwiftPackageReference "firebase-ios-sdk" */;
			productName = FirebaseAuth;
		};
		AF22056B2F45B526009763BD /* FirebaseFirestore */ = {
			isa = XCSwiftPackageProductDependency;
			package = AF2205682F45B526009763BD /* XCRemoteSwiftPackageReference "firebase-ios-sdk" */;
			productName = FirebaseFirestore;
		};
		AF22056D2F45B526009763BD /* FirebaseMessaging */ = {
			isa = XCSwiftPackageProductDependency;
			package = AF2205682F45B526009763BD /* XCRemoteSwiftPackageReference "firebase-ios-sdk" */;
			productName = FirebaseMessaging;
		};
/* End XCSwiftPackageProductDependency section */
	};
	rootObject = AF8695D42F411D5500388170 /* Project object */;
}
